PODS:
  - Alamofire (4.0.0)
  - BetterSegmentedControl (0.5)
  - TTSwitch (0.0.6)

DEPENDENCIES:
  - Alamofire (~> 4.0)
  - BetterSegmentedControl (~> 0.5)
  - TTSwitch (~> 0.0.5)

SPEC CHECKSUMS:
  Alamofire: fef59f00388f267e52d9b432aa5d93dc97190f14
  BetterSegmentedControl: db74c56602e418e9eca8f6340e0ed0a7215f5f7c
  TTSwitch: fef67a32dbd75e6981a3d27a7e954728e537de50

PODFILE CHECKSUM: 33052dd85ce4203f6206418e5be5a0a6f1a8bfdf

COCOAPODS: 1.1.0.rc.2
