// !$*UTF8*$!
{
	archiveVersion = 1;
	classes = {
	};
	objectVersion = 46;
	objects = {

/* Begin PBXBuildFile section */
		3074C6936C776C0958BE77CF /* Pods_NewHorizon.framework in Frameworks */ = {isa = PBXBuildFile; fileRef = A9F06B94B85EF8132E4B8656 /* Pods_NewHorizon.framework */; };
		AE1F99D61DC4A997004E25A9 /* MapController.swift in Sources */ = {isa = PBXBuildFile; fileRef = AE1F99D51DC4A996004E25A9 /* MapController.swift */; };
		AE1F99D81DC4AA17004E25A9 /* MapView.storyboard in Resources */ = {isa = PBXBuildFile; fileRef = AE1F99D71DC4AA17004E25A9 /* MapView.storyboard */; };
		AE9AED921DE9B9D8000760D2 /* Button.swift in Sources */ = {isa = PBXBuildFile; fileRef = AE9AED911DE9B9D8000760D2 /* Button.swift */; };
		AEA9EE2C1D96893D00D6FC68 /* AppDelegate.swift in Sources */ = {isa = PBXBuildFile; fileRef = AEA9EE2B1D96893D00D6FC68 /* AppDelegate.swift */; };
		AEA9EE2E1D96893D00D6FC68 /* ViewController.swift in Sources */ = {isa = PBXBuildFile; fileRef = AEA9EE2D1D96893D00D6FC68 /* ViewController.swift */; };
		AEA9EE311D96893D00D6FC68 /* Main.storyboard in Resources */ = {isa = PBXBuildFile; fileRef = AEA9EE2F1D96893D00D6FC68 /* Main.storyboard */; };
		AEA9EE341D96893D00D6FC68 /* NewHorizon.xcdatamodeld in Sources */ = {isa = PBXBuildFile; fileRef = AEA9EE321D96893D00D6FC68 /* NewHorizon.xcdatamodeld */; };
		AEA9EE361D96893D00D6FC68 /* Assets.xcassets in Resources */ = {isa = PBXBuildFile; fileRef = AEA9EE351D96893D00D6FC68 /* Assets.xcassets */; };
		AEA9EE391D96893D00D6FC68 /* LaunchScreen.storyboard in Resources */ = {isa = PBXBuildFile; fileRef = AEA9EE371D96893D00D6FC68 /* LaunchScreen.storyboard */; };
		AEB2A4081DB2693A006A5302 /* AccuracyView.storyboard in Resources */ = {isa = PBXBuildFile; fileRef = AEB2A4061DB2693A006A5302 /* AccuracyView.storyboard */; };
		AEB2A4091DB2693A006A5302 /* AccuracyController.swift in Sources */ = {isa = PBXBuildFile; fileRef = AEB2A4071DB2693A006A5302 /* AccuracyController.swift */; };
		AEF270AD1D96AD03008886AE /* WebServer.swift in Sources */ = {isa = PBXBuildFile; fileRef = AEF270AC1D96AD03008886AE /* WebServer.swift */; };
		AEF270AF1D96AF61008886AE /* Question.swift in Sources */ = {isa = PBXBuildFile; fileRef = AEF270AE1D96AF61008886AE /* Question.swift */; };
		AEF4718F1DE069970090F179 /* QuestionController.swift in Sources */ = {isa = PBXBuildFile; fileRef = AEF4718E1DE069970090F179 /* QuestionController.swift */; };
		AEF5F1971D9FD24A00C224DE /* EnumView.storyboard in Resources */ = {isa = PBXBuildFile; fileRef = AEF5F1961D9FD24A00C224DE /* EnumView.storyboard */; };
		AEF5F1991D9FD4D100C224DE /* EnumController.swift in Sources */ = {isa = PBXBuildFile; fileRef = AEF5F1981D9FD4D100C224DE /* EnumController.swift */; };
		AEFACA121DBB975C00E8B2A6 /* Map.swift in Sources */ = {isa = PBXBuildFile; fileRef = AEFACA111DBB975C00E8B2A6 /* Map.swift */; };
		AEFD5ABE1DCDE74C001AB4E4 /* RegionImage.swift in Sources */ = {isa = PBXBuildFile; fileRef = AEFD5ABD1DCDE74C001AB4E4 /* RegionImage.swift */; };
/* End PBXBuildFile section */

/* Begin PBXFileReference section */
		2B95ACD51E64D7F2CC4C8A4D /* Pods-NewHorizon.debug.xcconfig */ = {isa = PBXFileReference; includeInIndex = 1; lastKnownFileType = text.xcconfig; name = "Pods-NewHorizon.debug.xcconfig"; path = "Pods/Target Support Files/Pods-NewHorizon/Pods-NewHorizon.debug.xcconfig"; sourceTree = "<group>"; };
		317549004AAEA4FA492F41B1 /* Pods-NewHorizon.release.xcconfig */ = {isa = PBXFileReference; includeInIndex = 1; lastKnownFileType = text.xcconfig; name = "Pods-NewHorizon.release.xcconfig"; path = "Pods/Target Support Files/Pods-NewHorizon/Pods-NewHorizon.release.xcconfig"; sourceTree = "<group>"; };
		A9F06B94B85EF8132E4B8656 /* Pods_NewHorizon.framework */ = {isa = PBXFileReference; explicitFileType = wrapper.framework; includeInIndex = 0; path = Pods_NewHorizon.framework; sourceTree = BUILT_PRODUCTS_DIR; };
		AE1F99D51DC4A996004E25A9 /* MapController.swift */ = {isa = PBXFileReference; fileEncoding = 4; lastKnownFileType = sourcecode.swift; path = MapController.swift; sourceTree = "<group>"; };
		AE1F99D71DC4AA17004E25A9 /* MapView.storyboard */ = {isa = PBXFileReference; fileEncoding = 4; lastKnownFileType = file.storyboard; path = MapView.storyboard; sourceTree = "<group>"; };
		AE9AED911DE9B9D8000760D2 /* Button.swift */ = {isa = PBXFileReference; fileEncoding = 4; lastKnownFileType = sourcecode.swift; path = Button.swift; sourceTree = "<group>"; };
		AEA9EE281D96893D00D6FC68 /* NewHorizon.app */ = {isa = PBXFileReference; explicitFileType = wrapper.application; includeInIndex = 0; path = NewHorizon.app; sourceTree = BUILT_PRODUCTS_DIR; };
		AEA9EE2B1D96893D00D6FC68 /* AppDelegate.swift */ = {isa = PBXFileReference; lastKnownFileType = sourcecode.swift; path = AppDelegate.swift; sourceTree = "<group>"; };
		AEA9EE2D1D96893D00D6FC68 /* ViewController.swift */ = {isa = PBXFileReference; lastKnownFileType = sourcecode.swift; path = ViewController.swift; sourceTree = "<group>"; };
		AEA9EE301D96893D00D6FC68 /* Base */ = {isa = PBXFileReference; lastKnownFileType = file.storyboard; name = Base; path = Base.lproj/Main.storyboard; sourceTree = "<group>"; };
		AEA9EE331D96893D00D6FC68 /* NewHorizon.xcdatamodel */ = {isa = PBXFileReference; lastKnownFileType = wrapper.xcdatamodel; path = NewHorizon.xcdatamodel; sourceTree = "<group>"; };
		AEA9EE351D96893D00D6FC68 /* Assets.xcassets */ = {isa = PBXFileReference; lastKnownFileType = folder.assetcatalog; path = Assets.xcassets; sourceTree = "<group>"; };
		AEA9EE381D96893D00D6FC68 /* Base */ = {isa = PBXFileReference; lastKnownFileType = file.storyboard; name = Base; path = Base.lproj/LaunchScreen.storyboard; sourceTree = "<group>"; };
		AEA9EE3A1D96893D00D6FC68 /* Info.plist */ = {isa = PBXFileReference; lastKnownFileType = text.plist.xml; path = Info.plist; sourceTree = "<group>"; };
		AEB2A4061DB2693A006A5302 /* AccuracyView.storyboard */ = {isa = PBXFileReference; fileEncoding = 4; lastKnownFileType = file.storyboard; path = AccuracyView.storyboard; sourceTree = "<group>"; };
		AEB2A4071DB2693A006A5302 /* AccuracyController.swift */ = {isa = PBXFileReference; fileEncoding = 4; lastKnownFileType = sourcecode.swift; path = AccuracyController.swift; sourceTree = "<group>"; };
		AEF270AC1D96AD03008886AE /* WebServer.swift */ = {isa = PBXFileReference; fileEncoding = 4; lastKnownFileType = sourcecode.swift; path = WebServer.swift; sourceTree = "<group>"; };
		AEF270AE1D96AF61008886AE /* Question.swift */ = {isa = PBXFileReference; fileEncoding = 4; lastKnownFileType = sourcecode.swift; path = Question.swift; sourceTree = "<group>"; };
		AEF4718E1DE069970090F179 /* QuestionController.swift */ = {isa = PBXFileReference; fileEncoding = 4; lastKnownFileType = sourcecode.swift; path = QuestionController.swift; sourceTree = "<group>"; };
		AEF5F1961D9FD24A00C224DE /* EnumView.storyboard */ = {isa = PBXFileReference; fileEncoding = 4; lastKnownFileType = file.storyboard; path = EnumView.storyboard; sourceTree = "<group>"; };
		AEF5F1981D9FD4D100C224DE /* EnumController.swift */ = {isa = PBXFileReference; fileEncoding = 4; lastKnownFileType = sourcecode.swift; path = EnumController.swift; sourceTree = "<group>"; };
		AEFACA111DBB975C00E8B2A6 /* Map.swift */ = {isa = PBXFileReference; fileEncoding = 4; lastKnownFileType = sourcecode.swift; path = Map.swift; sourceTree = "<group>"; };
		AEFD5ABD1DCDE74C001AB4E4 /* RegionImage.swift */ = {isa = PBXFileReference; fileEncoding = 4; lastKnownFileType = sourcecode.swift; path = RegionImage.swift; sourceTree = "<group>"; };
/* End PBXFileReference section */

/* Begin PBXFrameworksBuildPhase section */
		AEA9EE251D96893D00D6FC68 /* Frameworks */ = {
			isa = PBXFrameworksBuildPhase;
			buildActionMask = 2147483647;
			files = (
				3074C6936C776C0958BE77CF /* Pods_NewHorizon.framework in Frameworks */,
			);
			runOnlyForDeploymentPostprocessing = 0;
		};
/* End PBXFrameworksBuildPhase section */

/* Begin PBXGroup section */
		893D9564A3DCA46F48D64611 /* Frameworks */ = {
			isa = PBXGroup;
			children = (
				A9F06B94B85EF8132E4B8656 /* Pods_NewHorizon.framework */,
			);
			name = Frameworks;
			sourceTree = "<group>";
		};
		A870C2D16E70853E461A3A9F /* Pods */ = {
			isa = PBXGroup;
			children = (
				2B95ACD51E64D7F2CC4C8A4D /* Pods-NewHorizon.debug.xcconfig */,
				317549004AAEA4FA492F41B1 /* Pods-NewHorizon.release.xcconfig */,
			);
			name = Pods;
			sourceTree = "<group>";
		};
		AEA9EE1F1D96893C00D6FC68 = {
			isa = PBXGroup;
			children = (
				AEA9EE2A1D96893D00D6FC68 /* NewHorizon */,
				AEA9EE291D96893D00D6FC68 /* Products */,
				A870C2D16E70853E461A3A9F /* Pods */,
				893D9564A3DCA46F48D64611 /* Frameworks */,
			);
			sourceTree = "<group>";
		};
		AEA9EE291D96893D00D6FC68 /* Products */ = {
			isa = PBXGroup;
			children = (
				AEA9EE281D96893D00D6FC68 /* NewHorizon.app */,
			);
			name = Products;
			sourceTree = "<group>";
		};
		AEA9EE2A1D96893D00D6FC68 /* NewHorizon */ = {
			isa = PBXGroup;
			children = (
				AEB2A4061DB2693A006A5302 /* AccuracyView.storyboard */,
				AEB2A4071DB2693A006A5302 /* AccuracyController.swift */,
				AEA9EE2F1D96893D00D6FC68 /* Main.storyboard */,
				AEA9EE2D1D96893D00D6FC68 /* ViewController.swift */,
				AE1F99D71DC4AA17004E25A9 /* MapView.storyboard */,
				AE1F99D51DC4A996004E25A9 /* MapController.swift */,
				AEF5F1961D9FD24A00C224DE /* EnumView.storyboard */,
				AEF5F1981D9FD4D100C224DE /* EnumController.swift */,
				AEA9EE351D96893D00D6FC68 /* Assets.xcassets */,
				AEA9EE3A1D96893D00D6FC68 /* Info.plist */,
				AEA9EE321D96893D00D6FC68 /* NewHorizon.xcdatamodeld */,
				AEA9EE371D96893D00D6FC68 /* LaunchScreen.storyboard */,
				AEF4718E1DE069970090F179 /* QuestionController.swift */,
				AEFD5ABD1DCDE74C001AB4E4 /* RegionImage.swift */,
				AE9AED911DE9B9D8000760D2 /* Button.swift */,
				AEA9EE2B1D96893D00D6FC68 /* AppDelegate.swift */,
				AEFACA111DBB975C00E8B2A6 /* Map.swift */,
				AEF270AE1D96AF61008886AE /* Question.swift */,
				AEF270AC1D96AD03008886AE /* WebServer.swift */,
			);
			path = NewHorizon;
			sourceTree = "<group>";
		};
/* End PBXGroup section */

/* Begin PBXNativeTarget section */
		AEA9EE271D96893D00D6FC68 /* NewHorizon */ = {
			isa = PBXNativeTarget;
			buildConfigurationList = AEA9EE3D1D96893D00D6FC68 /* Build configuration list for PBXNativeTarget "NewHorizon" */;
			buildPhases = (
				51C5655F3364130E2E8E2A22 /* [CP] Check Pods Manifest.lock */,
				AEA9EE241D96893D00D6FC68 /* Sources */,
				AEA9EE251D96893D00D6FC68 /* Frameworks */,
				AEA9EE261D96893D00D6FC68 /* Resources */,
				41331E680E93A78258F7D49B /* [CP] Embed Pods Frameworks */,
				2B4EB51A412C416DBAF8B6F7 /* [CP] Copy Pods Resources */,
			);
			buildRules = (
			);
			dependencies = (
			);
			name = NewHorizon;
			productName = NewHorizon;
			productReference = AEA9EE281D96893D00D6FC68 /* NewHorizon.app */;
			productType = "com.apple.product-type.application";
		};
/* End PBXNativeTarget section */

/* Begin PBXProject section */
		AEA9EE201D96893C00D6FC68 /* Project object */ = {
			isa = PBXProject;
			attributes = {
				LastSwiftUpdateCheck = 0800;
				LastUpgradeCheck = 0800;
				ORGANIZATIONNAME = NewHorizon;
				TargetAttributes = {
					AEA9EE271D96893D00D6FC68 = {
						CreatedOnToolsVersion = 8.0;
						LastSwiftMigration = 0800;
						ProvisioningStyle = Automatic;
					};
				};
			};
			buildConfigurationList = AEA9EE231D96893C00D6FC68 /* Build configuration list for PBXProject "NewHorizon" */;
			compatibilityVersion = "Xcode 3.2";
			developmentRegion = English;
			hasScannedForEncodings = 0;
			knownRegions = (
				en,
				Base,
			);
			mainGroup = AEA9EE1F1D96893C00D6FC68;
			productRefGroup = AEA9EE291D96893D00D6FC68 /* Products */;
			projectDirPath = "";
			projectRoot = "";
			targets = (
				AEA9EE271D96893D00D6FC68 /* NewHorizon */,
			);
		};
/* End PBXProject section */

/* Begin PBXResourcesBuildPhase section */
		AEA9EE261D96893D00D6FC68 /* Resources */ = {
			isa = PBXResourcesBuildPhase;
			buildActionMask = 2147483647;
			files = (
				AEA9EE391D96893D00D6FC68 /* LaunchScreen.storyboard in Resources */,
				AEA9EE361D96893D00D6FC68 /* Assets.xcassets in Resources */,
				AE1F99D81DC4AA17004E25A9 /* MapView.storyboard in Resources */,
				AEB2A4081DB2693A006A5302 /* AccuracyView.storyboard in Resources */,
				AEF5F1971D9FD24A00C224DE /* EnumView.storyboard in Resources */,
				AEA9EE311D96893D00D6FC68 /* Main.storyboard in Resources */,
			);
			runOnlyForDeploymentPostprocessing = 0;
		};
/* End PBXResourcesBuildPhase section */

/* Begin PBXShellScriptBuildPhase section */
		2B4EB51A412C416DBAF8B6F7 /* [CP] Copy Pods Resources */ = {
			isa = PBXShellScriptBuildPhase;
			buildActionMask = 2147483647;
			files = (
			);
			inputPaths = (
			);
			name = "[CP] Copy Pods Resources";
			outputPaths = (
			);
			runOnlyForDeploymentPostprocessing = 0;
			shellPath = /bin/sh;
			shellScript = "\"${SRCROOT}/Pods/Target Support Files/Pods-NewHorizon/Pods-NewHorizon-resources.sh\"\n";
			showEnvVarsInLog = 0;
		};
		41331E680E93A78258F7D49B /* [CP] Embed Pods Frameworks */ = {
			isa = PBXShellScriptBuildPhase;
			buildActionMask = 2147483647;
			files = (
			);
			inputPaths = (
			);
			name = "[CP] Embed Pods Frameworks";
			outputPaths = (
			);
			runOnlyForDeploymentPostprocessing = 0;
			shellPath = /bin/sh;
			shellScript = "\"${SRCROOT}/Pods/Target Support Files/Pods-NewHorizon/Pods-NewHorizon-frameworks.sh\"\n";
			showEnvVarsInLog = 0;
		};
		51C5655F3364130E2E8E2A22 /* [CP] Check Pods Manifest.lock */ = {
			isa = PBXShellScriptBuildPhase;
			buildActionMask = 2147483647;
			files = (
			);
			inputPaths = (
			);
			name = "[CP] Check Pods Manifest.lock";
			outputPaths = (
			);
			runOnlyForDeploymentPostprocessing = 0;
			shellPath = /bin/sh;
			shellScript = "diff \"${PODS_ROOT}/../Podfile.lock\" \"${PODS_ROOT}/Manifest.lock\" > /dev/null\nif [ $? != 0 ] ; then\n    # print error to STDERR\n    echo \"error: The sandbox is not in sync with the Podfile.lock. Run 'pod install' or update your CocoaPods installation.\" >&2\n    exit 1\nfi\n";
			showEnvVarsInLog = 0;
		};
/* End PBXShellScriptBuildPhase section */

/* Begin PBXSourcesBuildPhase section */
		AEA9EE241D96893D00D6FC68 /* Sources */ = {
			isa = PBXSourcesBuildPhase;
			buildActionMask = 2147483647;
			files = (
				AEF270AF1D96AF61008886AE /* Question.swift in Sources */,
				AEA9EE2E1D96893D00D6FC68 /* ViewController.swift in Sources */,
				AEFACA121DBB975C00E8B2A6 /* Map.swift in Sources */,
				AEF4718F1DE069970090F179 /* QuestionController.swift in Sources */,
				AEFD5ABE1DCDE74C001AB4E4 /* RegionImage.swift in Sources */,
				AEA9EE2C1D96893D00D6FC68 /* AppDelegate.swift in Sources */,
				AEA9EE341D96893D00D6FC68 /* NewHorizon.xcdatamodeld in Sources */,
				AE9AED921DE9B9D8000760D2 /* Button.swift in Sources */,
				AEF270AD1D96AD03008886AE /* WebServer.swift in Sources */,
				AEB2A4091DB2693A006A5302 /* AccuracyController.swift in Sources */,
				AE1F99D61DC4A997004E25A9 /* MapController.swift in Sources */,
				AEF5F1991D9FD4D100C224DE /* EnumController.swift in Sources */,
			);
			runOnlyForDeploymentPostprocessing = 0;
		};
/* End PBXSourcesBuildPhase section */

/* Begin PBXVariantGroup section */
		AEA9EE2F1D96893D00D6FC68 /* Main.storyboard */ = {
			isa = PBXVariantGroup;
			children = (
				AEA9EE301D96893D00D6FC68 /* Base */,
			);
			name = Main.storyboard;
			sourceTree = "<group>";
		};
		AEA9EE371D96893D00D6FC68 /* LaunchScreen.storyboard */ = {
			isa = PBXVariantGroup;
			children = (
				AEA9EE381D96893D00D6FC68 /* Base */,
			);
			name = LaunchScreen.storyboard;
			sourceTree = "<group>";
		};
/* End PBXVariantGroup section */

/* Begin XCBuildConfiguration section */
		AEA9EE3B1D96893D00D6FC68 /* Debug */ = {
			isa = XCBuildConfiguration;
			buildSettings = {
				ALWAYS_SEARCH_USER_PATHS = NO;
				CLANG_ANALYZER_NONNULL = YES;
				CLANG_CXX_LANGUAGE_STANDARD = "gnu++0x";
				CLANG_CXX_LIBRARY = "libc++";
				CLANG_ENABLE_MODULES = YES;
				CLANG_ENABLE_OBJC_ARC = YES;
				CLANG_WARN_BOOL_CONVERSION = YES;
				CLANG_WARN_CONSTANT_CONVERSION = YES;
				CLANG_WARN_DIRECT_OBJC_ISA_USAGE = YES_ERROR;
				CLANG_WARN_DOCUMENTATION_COMMENTS = YES;
				CLANG_WARN_EMPTY_BODY = YES;
				CLANG_WARN_ENUM_CONVERSION = YES;
				CLANG_WARN_INFINITE_RECURSION = YES;
				CLANG_WARN_INT_CONVERSION = YES;
				CLANG_WARN_OBJC_ROOT_CLASS = YES_ERROR;
				CLANG_WARN_SUSPICIOUS_MOVE = YES;
				CLANG_WARN_SUSPICIOUS_MOVES = YES;
				CLANG_WARN_UNREACHABLE_CODE = YES;
				CLANG_WARN__DUPLICATE_METHOD_MATCH = YES;
				"CODE_SIGN_IDENTITY[sdk=iphoneos*]" = "iPhone Developer";
				COPY_PHASE_STRIP = NO;
				DEBUG_INFORMATION_FORMAT = dwarf;
				ENABLE_STRICT_OBJC_MSGSEND = YES;
				ENABLE_TESTABILITY = YES;
				GCC_C_LANGUAGE_STANDARD = gnu99;
				GCC_DYNAMIC_NO_PIC = NO;
				GCC_NO_COMMON_BLOCKS = YES;
				GCC_OPTIMIZATION_LEVEL = 0;
				GCC_PREPROCESSOR_DEFINITIONS = (
					"DEBUG=1",
					"$(inherited)",
				);
				GCC_WARN_64_TO_32_BIT_CONVERSION = YES;
				GCC_WARN_ABOUT_RETURN_TYPE = YES_ERROR;
				GCC_WARN_UNDECLARED_SELECTOR = YES;
				GCC_WARN_UNINITIALIZED_AUTOS = YES_AGGRESSIVE;
				GCC_WARN_UNUSED_FUNCTION = YES;
				GCC_WARN_UNUSED_VARIABLE = YES;
				IPHONEOS_DEPLOYMENT_TARGET = 10.0;
				MTL_ENABLE_DEBUG_INFO = YES;
				ONLY_ACTIVE_ARCH = YES;
				SDKROOT = iphoneos;
				SWIFT_ACTIVE_COMPILATION_CONDITIONS = DEBUG;
				SWIFT_OPTIMIZATION_LEVEL = "-Onone";
			};
			name = Debug;
		};
		AEA9EE3C1D96893D00D6FC68 /* Release */ = {
			isa = XCBuildConfiguration;
			buildSettings = {
				ALWAYS_SEARCH_USER_PATHS = NO;
				CLANG_ANALYZER_NONNULL = YES;
				CLANG_CXX_LANGUAGE_STANDARD = "gnu++0x";
				CLANG_CXX_LIBRARY = "libc++";
				CLANG_ENABLE_MODULES = YES;
				CLANG_ENABLE_OBJC_ARC = YES;
				CLANG_WARN_BOOL_CONVERSION = YES;
				CLANG_WARN_CONSTANT_CONVERSION = YES;
				CLANG_WARN_DIRECT_OBJC_ISA_USAGE = YES_ERROR;
				CLANG_WARN_DOCUMENTATION_COMMENTS = YES;
				CLANG_WARN_EMPTY_BODY = YES;
				CLANG_WARN_ENUM_CONVERSION = YES;
				CLANG_WARN_INFINITE_RECURSION = YES;
				CLANG_WARN_INT_CONVERSION = YES;
				CLANG_WARN_OBJC_ROOT_CLASS = YES_ERROR;
				CLANG_WARN_SUSPICIOUS_MOVE = YES;
				CLANG_WARN_SUSPICIOUS_MOVES = YES;
				CLANG_WARN_UNREACHABLE_CODE = YES;
				CLANG_WARN__DUPLICATE_METHOD_MATCH = YES;
				"CODE_SIGN_IDENTITY[sdk=iphoneos*]" = "iPhone Developer";
				COPY_PHASE_STRIP = NO;
				DEBUG_INFORMATION_FORMAT = "dwarf-with-dsym";
				ENABLE_NS_ASSERTIONS = NO;
				ENABLE_STRICT_OBJC_MSGSEND = YES;
				GCC_C_LANGUAGE_STANDARD = gnu99;
				GCC_NO_COMMON_BLOCKS = YES;
				GCC_WARN_64_TO_32_BIT_CONVERSION = YES;
				GCC_WARN_ABOUT_RETURN_TYPE = YES_ERROR;
				GCC_WARN_UNDECLARED_SELECTOR = YES;
				GCC_WARN_UNINITIALIZED_AUTOS = YES_AGGRESSIVE;
				GCC_WARN_UNUSED_FUNCTION = YES;
				GCC_WARN_UNUSED_VARIABLE = YES;
				IPHONEOS_DEPLOYMENT_TARGET = 10.0;
				MTL_ENABLE_DEBUG_INFO = NO;
				SDKROOT = iphoneos;
				SWIFT_OPTIMIZATION_LEVEL = "-Owholemodule";
				VALIDATE_PRODUCT = YES;
			};
			name = Release;
		};
		AEA9EE3E1D96893D00D6FC68 /* Debug */ = {
			isa = XCBuildConfiguration;
			baseConfigurationReference = 2B95ACD51E64D7F2CC4C8A4D /* Pods-NewHorizon.debug.xcconfig */;
			buildSettings = {
				ALWAYS_EMBED_SWIFT_STANDARD_LIBRARIES = YES;
				ASSETCATALOG_COMPILER_APPICON_NAME = AppIcon;
				INFOPLIST_FILE = NewHorizon/Info.plist;
				LD_RUNPATH_SEARCH_PATHS = "$(inherited) @executable_path/Frameworks";
				PRODUCT_BUNDLE_IDENTIFIER = ru.newhorizon.NewHorizon;
				PRODUCT_NAME = "$(TARGET_NAME)";
				SWIFT_VERSION = 3.0;
			};
			name = Debug;
		};
		AEA9EE3F1D96893D00D6FC68 /* Release */ = {
			isa = XCBuildConfiguration;
			baseConfigurationReference = 317549004AAEA4FA492F41B1 /* Pods-NewHorizon.release.xcconfig */;
			buildSettings = {
				ALWAYS_EMBED_SWIFT_STANDARD_LIBRARIES = YES;
				ASSETCATALOG_COMPILER_APPICON_NAME = AppIcon;
				INFOPLIST_FILE = NewHorizon/Info.plist;
				LD_RUNPATH_SEARCH_PATHS = "$(inherited) @executable_path/Frameworks";
				PRODUCT_BUNDLE_IDENTIFIER = ru.newhorizon.NewHorizon;
				PRODUCT_NAME = "$(TARGET_NAME)";
				SWIFT_VERSION = 3.0;
			};
			name = Release;
		};
/* End XCBuildConfiguration section */

/* Begin XCConfigurationList section */
		AEA9EE231D96893C00D6FC68 /* Build configuration list for PBXProject "NewHorizon" */ = {
			isa = XCConfigurationList;
			buildConfigurations = (
				AEA9EE3B1D96893D00D6FC68 /* Debug */,
				AEA9EE3C1D96893D00D6FC68 /* Release */,
			);
			defaultConfigurationIsVisible = 0;
			defaultConfigurationName = Release;
		};
		AEA9EE3D1D96893D00D6FC68 /* Build configuration list for PBXNativeTarget "NewHorizon" */ = {
			isa = XCConfigurationList;
			buildConfigurations = (
				AEA9EE3E1D96893D00D6FC68 /* Debug */,
				AEA9EE3F1D96893D00D6FC68 /* Release */,
			);
			defaultConfigurationIsVisible = 0;
			defaultConfigurationName = Release;
		};
/* End XCConfigurationList section */

/* Begin XCVersionGroup section */
		AEA9EE321D96893D00D6FC68 /* NewHorizon.xcdatamodeld */ = {
			isa = XCVersionGroup;
			children = (
				AEA9EE331D96893D00D6FC68 /* NewHorizon.xcdatamodel */,
			);
			currentVersion = AEA9EE331D96893D00D6FC68 /* NewHorizon.xcdatamodel */;
			path = NewHorizon.xcdatamodeld;
			sourceTree = "<group>";
			versionGroupType = wrapper.xcdatamodel;
		};
/* End XCVersionGroup section */
	};
	rootObject = AEA9EE201D96893C00D6FC68 /* Project object */;
}
